
Microsoft Visual Studio Solution File, Format Version 12.00
Project("{FAE04EC0-301F-11D3-BF4B-00C04F79EFBC}") = "AP2_MVC_DOTNET", "AP2_MVC_DOTNET\AP2_MVC_DOTNET.csproj", "{252C6277-88B1-4F38-8F62-D6F3CCF08A52}"
EndProject
Global
	GlobalSection(SolutionConfigurationPlatforms) = preSolution
		Debug|Any CPU = Debug|Any CPU
		Release|Any CPU = Release|Any CPU
	EndGlobalSection
	GlobalSection(ProjectConfigurationPlatforms) = postSolution
		{252C6277-88B1-4F38-8F62-D6F3CCF08A52}.Debug|Any CPU.ActiveCfg = Debug|Any CPU
		{252C6277-88B1-4F38-8F62-D6F3CCF08A52}.Debug|Any CPU.Build.0 = Debug|Any CPU
		{252C6277-88B1-4F38-8F62-D6F3CCF08A52}.Release|Any CPU.ActiveCfg = Release|Any CPU
		{252C6277-88B1-4F38-8F62-D6F3CCF08A52}.Release|Any CPU.Build.0 = Release|Any CPU
	EndGlobalSection
EndGlobal
